// !$*UTF8*$!
{
	archiveVersion = 1;
	classes = {
	};
	objectVersion = 56;
	objects = {

/* Begin PBXBuildFile section */
		333FE31F29964CA50049C140 /* InCard.swift in Sources */ = {isa = PBXBuildFile; fileRef = 333FE31E29964CA50049C140 /* InCard.swift */; };
		333FE32129964DCA0049C140 /* RecipeForm.swift in Sources */ = {isa = PBXBuildFile; fileRef = 333FE32029964DCA0049C140 /* RecipeForm.swift */; };
		33641028299674CC0040098C /* ProductCalculator.swift in Sources */ = {isa = PBXBuildFile; fileRef = 33641027299674CC0040098C /* ProductCalculator.swift */; };
		33D8976829962F6400CA6E7E /* Core_DataApp.swift in Sources */ = {isa = PBXBuildFile; fileRef = 33D8976729962F6400CA6E7E /* Core_DataApp.swift */; };
		33D8976A29962F6400CA6E7E /* ContentView.swift in Sources */ = {isa = PBXBuildFile; fileRef = 33D8976929962F6400CA6E7E /* ContentView.swift */; };
		33D8976C29962F6500CA6E7E /* Assets.xcassets in Resources */ = {isa = PBXBuildFile; fileRef = 33D8976B29962F6500CA6E7E /* Assets.xcassets */; };
		33D8976F29962F6500CA6E7E /* Preview Assets.xcassets in Resources */ = {isa = PBXBuildFile; fileRef = 33D8976E29962F6500CA6E7E /* Preview Assets.xcassets */; };
		33D8977129962F6500CA6E7E /* Persistence.swift in Sources */ = {isa = PBXBuildFile; fileRef = 33D8977029962F6500CA6E7E /* Persistence.swift */; };
		33D8977429962F6500CA6E7E /* Core_Data.xcdatamodeld in Sources */ = {isa = PBXBuildFile; fileRef = 33D8977229962F6500CA6E7E /* Core_Data.xcdatamodeld */; };
		33D8977C2996315600CA6E7E /* Saving+CoreDataClass.swift in Sources */ = {isa = PBXBuildFile; fileRef = 33D8977A2996315600CA6E7E /* Saving+CoreDataClass.swift */; };
		33D8977D2996315600CA6E7E /* Saving+CoreDataProperties.swift in Sources */ = {isa = PBXBuildFile; fileRef = 33D8977B2996315600CA6E7E /* Saving+CoreDataProperties.swift */; };
/* End PBXBuildFile section */

/* Begin PBXFileReference section */
		333FE31E29964CA50049C140 /* InCard.swift */ = {isa = PBXFileReference; lastKnownFileType = sourcecode.swift; path = InCard.swift; sourceTree = "<group>"; };
		333FE32029964DCA0049C140 /* RecipeForm.swift */ = {isa = PBXFileReference; lastKnownFileType = sourcecode.swift; path = RecipeForm.swift; sourceTree = "<group>"; };
		33641027299674CC0040098C /* ProductCalculator.swift */ = {isa = PBXFileReference; lastKnownFileType = sourcecode.swift; path = ProductCalculator.swift; sourceTree = "<group>"; };
		339F76B92997FF9700EBB11D /* Info.plist */ = {isa = PBXFileReference; lastKnownFileType = text.plist; path = Info.plist; sourceTree = "<group>"; };
		33D8976429962F6400CA6E7E /* Core-Data.app */ = {isa = PBXFileReference; explicitFileType = wrapper.application; includeInIndex = 0; path = "Core-Data.app"; sourceTree = BUILT_PRODUCTS_DIR; };
		33D8976729962F6400CA6E7E /* Core_DataApp.swift */ = {isa = PBXFileReference; lastKnownFileType = sourcecode.swift; path = Core_DataApp.swift; sourceTree = "<group>"; };
		33D8976929962F6400CA6E7E /* ContentView.swift */ = {isa = PBXFileReference; lastKnownFileType = sourcecode.swift; path = ContentView.swift; sourceTree = "<group>"; };
		33D8976B29962F6500CA6E7E /* Assets.xcassets */ = {isa = PBXFileReference; lastKnownFileType = folder.assetcatalog; path = Assets.xcassets; sourceTree = "<group>"; };
		33D8976E29962F6500CA6E7E /* Preview Assets.xcassets */ = {isa = PBXFileReference; lastKnownFileType = folder.assetcatalog; path = "Preview Assets.xcassets"; sourceTree = "<group>"; };
		33D8977029962F6500CA6E7E /* Persistence.swift */ = {isa = PBXFileReference; lastKnownFileType = sourcecode.swift; path = Persistence.swift; sourceTree = "<group>"; };
		33D8977329962F6500CA6E7E /* Core_Data.xcdatamodel */ = {isa = PBXFileReference; lastKnownFileType = wrapper.xcdatamodel; path = Core_Data.xcdatamodel; sourceTree = "<group>"; };
		33D8977A2996315600CA6E7E /* Saving+CoreDataClass.swift */ = {isa = PBXFileReference; lastKnownFileType = sourcecode.swift; name = "Saving+CoreDataClass.swift"; path = "Core-Data/CDFiles/Saving+CoreDataClass.swift"; sourceTree = SOURCE_ROOT; };
		33D8977B2996315600CA6E7E /* Saving+CoreDataProperties.swift */ = {isa = PBXFileReference; lastKnownFileType = sourcecode.swift; name = "Saving+CoreDataProperties.swift"; path = "Core-Data/CDFiles/Saving+CoreDataProperties.swift"; sourceTree = SOURCE_ROOT; };
/* End PBXFileReference section */

/* Begin PBXFrameworksBuildPhase section */
		33D8976129962F6400CA6E7E /* Frameworks */ = {
			isa = PBXFrameworksBuildPhase;
			buildActionMask = 2147483647;
			files = (
			);
			runOnlyForDeploymentPostprocessing = 0;
		};
/* End PBXFrameworksBuildPhase section */

/* Begin PBXGroup section */
		333FE31D29964C550049C140 /* CDFiles */ = {
			isa = PBXGroup;
			children = (
				33D8977029962F6500CA6E7E /* Persistence.swift */,
				33D8977A2996315600CA6E7E /* Saving+CoreDataClass.swift */,
				33D8977B2996315600CA6E7E /* Saving+CoreDataProperties.swift */,
				33D8977229962F6500CA6E7E /* Core_Data.xcdatamodeld */,
			);
			path = CDFiles;
			sourceTree = "<group>";
		};
		33D8975B29962F6400CA6E7E = {
			isa = PBXGroup;
			children = (
				33D8976629962F6400CA6E7E /* Core-Data */,
				33D8976529962F6400CA6E7E /* Products */,
			);
			sourceTree = "<group>";
		};
		33D8976529962F6400CA6E7E /* Products */ = {
			isa = PBXGroup;
			children = (
				33D8976429962F6400CA6E7E /* Core-Data.app */,
			);
			name = Products;
			sourceTree = "<group>";
		};
		33D8976629962F6400CA6E7E /* Core-Data */ = {
			isa = PBXGroup;
			children = (
				339F76B92997FF9700EBB11D /* Info.plist */,
				33D8976729962F6400CA6E7E /* Core_DataApp.swift */,
				33D8976929962F6400CA6E7E /* ContentView.swift */,
				33641027299674CC0040098C /* ProductCalculator.swift */,
				333FE32029964DCA0049C140 /* RecipeForm.swift */,
				333FE31E29964CA50049C140 /* InCard.swift */,
				333FE31D29964C550049C140 /* CDFiles */,
				33D8976B29962F6500CA6E7E /* Assets.xcassets */,
				33D8976D29962F6500CA6E7E /* Preview Content */,
			);
			path = "Core-Data";
			sourceTree = "<group>";
		};
		33D8976D29962F6500CA6E7E /* Preview Content */ = {
			isa = PBXGroup;
			children = (
				33D8976E29962F6500CA6E7E /* Preview Assets.xcassets */,
			);
			path = "Preview Content";
			sourceTree = "<group>";
		};
/* End PBXGroup section */

/* Begin PBXNativeTarget section */
		33D8976329962F6400CA6E7E /* Core-Data */ = {
			isa = PBXNativeTarget;
			buildConfigurationList = 33D8977729962F6500CA6E7E /* Build configuration list for PBXNativeTarget "Core-Data" */;
			buildPhases = (
				33D8976029962F6400CA6E7E /* Sources */,
				33D8976129962F6400CA6E7E /* Frameworks */,
				33D8976229962F6400CA6E7E /* Resources */,
			);
			buildRules = (
			);
			dependencies = (
			);
			name = "Core-Data";
			productName = "Core-Data";
			productReference = 33D8976429962F6400CA6E7E /* Core-Data.app */;
			productType = "com.apple.product-type.application";
		};
/* End PBXNativeTarget section */

/* Begin PBXProject section */
		33D8975C29962F6400CA6E7E /* Project object */ = {
			isa = PBXProject;
			attributes = {
				BuildIndependentTargetsInParallel = 1;
				LastSwiftUpdateCheck = 1420;
				LastUpgradeCheck = 1420;
				TargetAttributes = {
					33D8976329962F6400CA6E7E = {
						CreatedOnToolsVersion = 14.2;
					};
				};
			};
			buildConfigurationList = 33D8975F29962F6400CA6E7E /* Build configuration list for PBXProject "Core-Data" */;
			compatibilityVersion = "Xcode 14.0";
			developmentRegion = en;
			hasScannedForEncodings = 0;
			knownRegions = (
				en,
				Base,
			);
			mainGroup = 33D8975B29962F6400CA6E7E;
			productRefGroup = 33D8976529962F6400CA6E7E /* Products */;
			projectDirPath = "";
			projectRoot = "";
			targets = (
				33D8976329962F6400CA6E7E /* Core-Data */,
			);
		};
/* End PBXProject section */

/* Begin PBXResourcesBuildPhase section */
		33D8976229962F6400CA6E7E /* Resources */ = {
			isa = PBXResourcesBuildPhase;
			buildActionMask = 2147483647;
			files = (
				33D8976F29962F6500CA6E7E /* Preview Assets.xcassets in Resources */,
				33D8976C29962F6500CA6E7E /* Assets.xcassets in Resources */,
			);
			runOnlyForDeploymentPostprocessing = 0;
		};
/* End PBXResourcesBuildPhase section */

/* Begin PBXSourcesBuildPhase section */
		33D8976029962F6400CA6E7E /* Sources */ = {
			isa = PBXSourcesBuildPhase;
			buildActionMask = 2147483647;
			files = (
				333FE31F29964CA50049C140 /* InCard.swift in Sources */,
				33D8977429962F6500CA6E7E /* Core_Data.xcdatamodeld in Sources */,
				33641028299674CC0040098C /* ProductCalculator.swift in Sources */,
				33D8977129962F6500CA6E7E /* Persistence.swift in Sources */,
				33D8976A29962F6400CA6E7E /* ContentView.swift in Sources */,
				33D8976829962F6400CA6E7E /* Core_DataApp.swift in Sources */,
				33D8977C2996315600CA6E7E /* Saving+CoreDataClass.swift in Sources */,
				33D8977D2996315600CA6E7E /* Saving+CoreDataProperties.swift in Sources */,
				333FE32129964DCA0049C140 /* RecipeForm.swift in Sources */,
			);
			runOnlyForDeploymentPostprocessing = 0;
		};
/* End PBXSourcesBuildPhase section */

/* Begin XCBuildConfiguration section */
		33D8977529962F6500CA6E7E /* Debug */ = {
			isa = XCBuildConfiguration;
			buildSettings = {
				ALWAYS_SEARCH_USER_PATHS = NO;
				CLANG_ANALYZER_NONNULL = YES;
				CLANG_ANALYZER_NUMBER_OBJECT_CONVERSION = YES_AGGRESSIVE;
				CLANG_CXX_LANGUAGE_STANDARD = "gnu++20";
				CLANG_ENABLE_MODULES = YES;
				CLANG_ENABLE_OBJC_ARC = YES;
				CLANG_ENABLE_OBJC_WEAK = YES;
				CLANG_WARN_BLOCK_CAPTURE_AUTORELEASING = YES;
				CLANG_WARN_BOOL_CONVERSION = YES;
				CLANG_WARN_COMMA = YES;
				CLANG_WARN_CONSTANT_CONVERSION = YES;
				CLANG_WARN_DEPRECATED_OBJC_IMPLEMENTATIONS = YES;
				CLANG_WARN_DIRECT_OBJC_ISA_USAGE = YES_ERROR;
				CLANG_WARN_DOCUMENTATION_COMMENTS = YES;
				CLANG_WARN_EMPTY_BODY = YES;
				CLANG_WARN_ENUM_CONVERSION = YES;
				CLANG_WARN_INFINITE_RECURSION = YES;
				CLANG_WARN_INT_CONVERSION = YES;
				CLANG_WARN_NON_LITERAL_NULL_CONVERSION = YES;
				CLANG_WARN_OBJC_IMPLICIT_RETAIN_SELF = YES;
				CLANG_WARN_OBJC_LITERAL_CONVERSION = YES;
				CLANG_WARN_OBJC_ROOT_CLASS = YES_ERROR;
				CLANG_WARN_QUOTED_INCLUDE_IN_FRAMEWORK_HEADER = YES;
				CLANG_WARN_RANGE_LOOP_ANALYSIS = YES;
				CLANG_WARN_STRICT_PROTOTYPES = YES;
				CLANG_WARN_SUSPICIOUS_MOVE = YES;
				CLANG_WARN_UNGUARDED_AVAILABILITY = YES_AGGRESSIVE;
				CLANG_WARN_UNREACHABLE_CODE = YES;
				CLANG_WARN__DUPLICATE_METHOD_MATCH = YES;
				COPY_PHASE_STRIP = NO;
				DEBUG_INFORMATION_FORMAT = dwarf;
				ENABLE_STRICT_OBJC_MSGSEND = YES;
				ENABLE_TESTABILITY = YES;
				GCC_C_LANGUAGE_STANDARD = gnu11;
				GCC_DYNAMIC_NO_PIC = NO;
				GCC_NO_COMMON_BLOCKS = YES;
				GCC_OPTIMIZATION_LEVEL = 0;
				GCC_PREPROCESSOR_DEFINITIONS = (
					"DEBUG=1",
					"$(inherited)",
				);
				GCC_WARN_64_TO_32_BIT_CONVERSION = YES;
				GCC_WARN_ABOUT_RETURN_TYPE = YES_ERROR;
				GCC_WARN_UNDECLARED_SELECTOR = YES;
				GCC_WARN_UNINITIALIZED_AUTOS = YES_AGGRESSIVE;
				GCC_WARN_UNUSED_FUNCTION = YES;
				GCC_WARN_UNUSED_VARIABLE = YES;
				IPHONEOS_DEPLOYMENT_TARGET = 16.2;
				MTL_ENABLE_DEBUG_INFO = INCLUDE_SOURCE;
				MTL_FAST_MATH = YES;
				ONLY_ACTIVE_ARCH = YES;
				SDKROOT = iphoneos;
				SWIFT_ACTIVE_COMPILATION_CONDITIONS = DEBUG;
				SWIFT_OPTIMIZATION_LEVEL = "-Onone";
			};
			name = Debug;
		};
		33D8977629962F6500CA6E7E /* Release */ = {
			isa = XCBuildConfiguration;
			buildSettings = {
				ALWAYS_SEARCH_USER_PATHS = NO;
				CLANG_ANALYZER_NONNULL = YES;
				CLANG_ANALYZER_NUMBER_OBJECT_CONVERSION = YES_AGGRESSIVE;
				CLANG_CXX_LANGUAGE_STANDARD = "gnu++20";
				CLANG_ENABLE_MODULES = YES;
				CLANG_ENABLE_OBJC_ARC = YES;
				CLANG_ENABLE_OBJC_WEAK = YES;
				CLANG_WARN_BLOCK_CAPTURE_AUTORELEASING = YES;
				CLANG_WARN_BOOL_CONVERSION = YES;
				CLANG_WARN_COMMA = YES;
				CLANG_WARN_CONSTANT_CONVERSION = YES;
				CLANG_WARN_DEPRECATED_OBJC_IMPLEMENTATIONS = YES;
				CLANG_WARN_DIRECT_OBJC_ISA_USAGE = YES_ERROR;
				CLANG_WARN_DOCUMENTATION_COMMENTS = YES;
				CLANG_WARN_EMPTY_BODY = YES;
				CLANG_WARN_ENUM_CONVERSION = YES;
				CLANG_WARN_INFINITE_RECURSION = YES;
				CLANG_WARN_INT_CONVERSION = YES;
				CLANG_WARN_NON_LITERAL_NULL_CONVERSION = YES;
				CLANG_WARN_OBJC_IMPLICIT_RETAIN_SELF = YES;
				CLANG_WARN_OBJC_LITERAL_CONVERSION = YES;
				CLANG_WARN_OBJC_ROOT_CLASS = YES_ERROR;
				CLANG_WARN_QUOTED_INCLUDE_IN_FRAMEWORK_HEADER = YES;
				CLANG_WARN_RANGE_LOOP_ANALYSIS = YES;
				CLANG_WARN_STRICT_PROTOTYPES = YES;
				CLANG_WARN_SUSPICIOUS_MOVE = YES;
				CLANG_WARN_UNGUARDED_AVAILABILITY = YES_AGGRESSIVE;
				CLANG_WARN_UNREACHABLE_CODE = YES;
				CLANG_WARN__DUPLICATE_METHOD_MATCH = YES;
				COPY_PHASE_STRIP = NO;
				DEBUG_INFORMATION_FORMAT = "dwarf-with-dsym";
				ENABLE_NS_ASSERTIONS = NO;
				ENABLE_STRICT_OBJC_MSGSEND = YES;
				GCC_C_LANGUAGE_STANDARD = gnu11;
				GCC_NO_COMMON_BLOCKS = YES;
				GCC_WARN_64_TO_32_BIT_CONVERSION = YES;
				GCC_WARN_ABOUT_RETURN_TYPE = YES_ERROR;
				GCC_WARN_UNDECLARED_SELECTOR = YES;
				GCC_WARN_UNINITIALIZED_AUTOS = YES_AGGRESSIVE;
				GCC_WARN_UNUSED_FUNCTION = YES;
				GCC_WARN_UNUSED_VARIABLE = YES;
				IPHONEOS_DEPLOYMENT_TARGET = 16.2;
				MTL_ENABLE_DEBUG_INFO = NO;
				MTL_FAST_MATH = YES;
				SDKROOT = iphoneos;
				SWIFT_COMPILATION_MODE = wholemodule;
				SWIFT_OPTIMIZATION_LEVEL = "-O";
				VALIDATE_PRODUCT = YES;
			};
			name = Release;
		};
		33D8977829962F6500CA6E7E /* Debug */ = {
			isa = XCBuildConfiguration;
			buildSettings = {
				ASSETCATALOG_COMPILER_APPICON_NAME = Icon;
				ASSETCATALOG_COMPILER_GLOBAL_ACCENT_COLOR_NAME = AccentColor;
				ASSETCATALOG_COMPILER_INCLUDE_ALL_APPICON_ASSETS = YES;
				CODE_SIGN_STYLE = Automatic;
				CURRENT_PROJECT_VERSION = 1;
				DEVELOPMENT_ASSET_PATHS = "\"Core-Data/Preview Content\"";
				DEVELOPMENT_TEAM = C9GRWZY5P5;
				ENABLE_PREVIEWS = YES;
				GENERATE_INFOPLIST_FILE = YES;
				INFOPLIST_FILE = "Core-Data/Info.plist";
				INFOPLIST_KEY_CFBundleDisplayName = MyRecipes;
				INFOPLIST_KEY_UIApplicationSceneManifest_Generation = YES;
				INFOPLIST_KEY_UIApplicationSupportsIndirectInputEvents = YES;
				INFOPLIST_KEY_UILaunchScreen_Generation = YES;
				INFOPLIST_KEY_UISupportedInterfaceOrientations = UIInterfaceOrientationPortrait;
				IPHONEOS_DEPLOYMENT_TARGET = 16.0;
				LD_RUNPATH_SEARCH_PATHS = (
					"$(inherited)",
					"@executable_path/Frameworks",
				);
				MARKETING_VERSION = 1.0;
				PRODUCT_BUNDLE_IDENTIFIER = "Alexandra.Core-Data";
				PRODUCT_NAME = "$(TARGET_NAME)";
				SWIFT_EMIT_LOC_STRINGS = YES;
				SWIFT_VERSION = 5.0;
				TARGETED_DEVICE_FAMILY = "1,2";
			};
			name = Debug;
		};
		33D8977929962F6500CA6E7E /* Release */ = {
			isa = XCBuildConfiguration;
			buildSettings = {
				ASSETCATALOG_COMPILER_APPICON_NAME = Icon;
				ASSETCATALOG_COMPILER_GLOBAL_ACCENT_COLOR_NAME = AccentColor;
				ASSETCATALOG_COMPILER_INCLUDE_ALL_APPICON_ASSETS = YES;
				CODE_SIGN_STYLE = Automatic;
				CURRENT_PROJECT_VERSION = 1;
				DEVELOPMENT_ASSET_PATHS = "\"Core-Data/Preview Content\"";
				DEVELOPMENT_TEAM = C9GRWZY5P5;
				ENABLE_PREVIEWS = YES;
				GENERATE_INFOPLIST_FILE = YES;
				INFOPLIST_FILE = "Core-Data/Info.plist";
				INFOPLIST_KEY_CFBundleDisplayName = MyRecipes;
				INFOPLIST_KEY_UIApplicationSceneManifest_Generation = YES;
				INFOPLIST_KEY_UIApplicationSupportsIndirectInputEvents = YES;
				INFOPLIST_KEY_UILaunchScreen_Generation = YES;
				INFOPLIST_KEY_UISupportedInterfaceOrientations = UIInterfaceOrientationPortrait;
				IPHONEOS_DEPLOYMENT_TARGET = 16.0;
				LD_RUNPATH_SEARCH_PATHS = (
					"$(inherited)",
					"@executable_path/Frameworks",
				);
				MARKETING_VERSION = 1.0;
				PRODUCT_BUNDLE_IDENTIFIER = "Alexandra.Core-Data";
				PRODUCT_NAME = "$(TARGET_NAME)";
				SWIFT_EMIT_LOC_STRINGS = YES;
				SWIFT_VERSION = 5.0;
				TARGETED_DEVICE_FAMILY = "1,2";
			};
			name = Release;
		};
/* End XCBuildConfiguration section */

/* Begin XCConfigurationList section */
		33D8975F29962F6400CA6E7E /* Build configuration list for PBXProject "Core-Data" */ = {
			isa = XCConfigurationList;
			buildConfigurations = (
				33D8977529962F6500CA6E7E /* Debug */,
				33D8977629962F6500CA6E7E /* Release */,
			);
			defaultConfigurationIsVisible = 0;
			defaultConfigurationName = Release;
		};
		33D8977729962F6500CA6E7E /* Build configuration list for PBXNativeTarget "Core-Data" */ = {
			isa = XCConfigurationList;
			buildConfigurations = (
				33D8977829962F6500CA6E7E /* Debug */,
				33D8977929962F6500CA6E7E /* Release */,
			);
			defaultConfigurationIsVisible = 0;
			defaultConfigurationName = Release;
		};
/* End XCConfigurationList section */

/* Begin XCVersionGroup section */
		33D8977229962F6500CA6E7E /* Core_Data.xcdatamodeld */ = {
			isa = XCVersionGroup;
			children = (
				33D8977329962F6500CA6E7E /* Core_Data.xcdatamodel */,
			);
			currentVersion = 33D8977329962F6500CA6E7E /* Core_Data.xcdatamodel */;
			path = Core_Data.xcdatamodeld;
			sourceTree = "<group>";
			versionGroupType = wrapper.xcdatamodel;
		};
/* End XCVersionGroup section */
	};
	rootObject = 33D8975C29962F6400CA6E7E /* Project object */;
}
